
Microsoft Visual Studio Solution File, Format Version 12.00
# Visual Studio Version 17
VisualStudioVersion = 17.6.33723.286
MinimumVisualStudioVersion = 10.0.40219.1
Project("{FAE04EC0-301F-11D3-BF4B-00C04F79EFBC}") = "Lahiye hazirliq", "Lahiye hazirliq\Lahiye hazirliq.csproj", "{4741C802-57CD-4939-B2D2-3A97210995F7}"
EndProject
Global
	GlobalSection(SolutionConfigurationPlatforms) = preSolution
		Debug|Any CPU = Debug|Any CPU
		Release|Any CPU = Release|Any CPU
	EndGlobalSection
	GlobalSection(ProjectConfigurationPlatforms) = postSolution
		{4741C802-57CD-4939-B2D2-3A97210995F7}.Debug|Any CPU.ActiveCfg = Debug|Any CPU
		{4741C802-57CD-4939-B2D2-3A97210995F7}.Debug|Any CPU.Build.0 = Debug|Any CPU
		{4741C802-57CD-4939-B2D2-3A97210995F7}.Release|Any CPU.ActiveCfg = Release|Any CPU
		{4741C802-57CD-4939-B2D2-3A97210995F7}.Release|Any CPU.Build.0 = Release|Any CPU
	EndGlobalSection
	GlobalSection(SolutionProperties) = preSolution
		HideSolutionNode = FALSE
	EndGlobalSection
	GlobalSection(ExtensibilityGlobals) = postSolution
		SolutionGuid = {573E7783-CA4D-441F-9632-9CC3895E54C8}
	EndGlobalSection
EndGlobal
